
Microsoft Visual Studio Solution File, Format Version 12.00
# Visual Studio Version 16
VisualStudioVersion = 16.0.30611.23
MinimumVisualStudioVersion = 10.0.40219.1
Project("{9A19103F-16F7-4668-BE54-9A1E7A4F7556}") = "PlataformaITB.API", "PlataformaITB.API.csproj", "{C9E612EE-13D2-402D-A33B-E43F0685709E}"
EndProject
Global
	GlobalSection(SolutionConfigurationPlatforms) = preSolution
		Debug|Any CPU = Debug|Any CPU
		Release|Any CPU = Release|Any CPU
	EndGlobalSection
	GlobalSection(ProjectConfigurationPlatforms) = postSolution
		{C9E612EE-13D2-402D-A33B-E43F0685709E}.Debug|Any CPU.ActiveCfg = Debug|Any CPU
		{C9E612EE-13D2-402D-A33B-E43F0685709E}.Debug|Any CPU.Build.0 = Debug|Any CPU
		{C9E612EE-13D2-402D-A33B-E43F0685709E}.Release|Any CPU.ActiveCfg = Release|Any CPU
		{C9E612EE-13D2-402D-A33B-E43F0685709E}.Release|Any CPU.Build.0 = Release|Any CPU
	EndGlobalSection
	GlobalSection(SolutionProperties) = preSolution
		HideSolutionNode = FALSE
	EndGlobalSection
	GlobalSection(ExtensibilityGlobals) = postSolution
		SolutionGuid = {73008108-0E1D-4828-9439-934DF5A7B583}
	EndGlobalSection
EndGlobal
